# This file was autogenerated by Stack.
# You should not edit this file by hand.
# For more information, please see the documentation at:
#   https://docs.haskellstack.org/en/stable/lock_files

packages:
- completed:
    hackage: dhall-1.14.0@sha256:2c11612bfe435ce2684e1e88863d706da0ea66b483f4b7a8c1acd4e3cdfa08b8,10905
    pantry-tree:
      size: 36600
      sha256: cf921d0530571dfde36181216ed0e62ef8db172977420aa92e06cc6e4eea61a1
  original:
    hackage: dhall-1.14.0
- completed:
    hackage: purescript-0.12.0@sha256:d926792d94439fe06087643038a4c9ac63202f9a4aa68b75aae0195b26253222,44117
    pantry-tree:
      size: 69799
      sha256: cd4a961c31e87995f8f7497d38c1d31ab42b121f91a617bb79eb464b06b31344
  original:
    hackage: purescript-0.12.0
- completed:
    hackage: rio-0.1.2.0@sha256:cb2a65cee1c0450815002ca890633215e4544b5c1c9f7091a950142c6efe8f3f,3238
    pantry-tree:
      size: 3745
      sha256: 5014f5fd8dd06d16ecefefeef20d9f9ba58e8c4d1289a243edd9da81eeefcb24
  original:
    hackage: rio-0.1.2.0
snapshots:
- completed:
    size: 507625
    url: https://raw.githubusercontent.com/commercialhaskell/stackage-snapshots/master/lts/11/7.yaml
    sha256: 4c9d564321bb3a3370aeafebff848da9f3723de92b60b98b2e03f6213f65c232
  original: lts-11.7
